// !$*UTF8*$!
{
	archiveVersion = 1;
	classes = {
	};
	objectVersion = 56;
	objects = {

/* Begin PBXBuildFile section */
		FAC5067528EBC84B0051B073 /* LandmarkApp.swift in Sources */ = {isa = PBXBuildFile; fileRef = FAC5067428EBC84B0051B073 /* LandmarkApp.swift */; };
		FAC5067728EBC84B0051B073 /* ContentView.swift in Sources */ = {isa = PBXBuildFile; fileRef = FAC5067628EBC84B0051B073 /* ContentView.swift */; };
		FAC5067928EBC84C0051B073 /* Assets.xcassets in Resources */ = {isa = PBXBuildFile; fileRef = FAC5067828EBC84C0051B073 /* Assets.xcassets */; };
		FAC5067C28EBC84C0051B073 /* Preview Assets.xcassets in Resources */ = {isa = PBXBuildFile; fileRef = FAC5067B28EBC84C0051B073 /* Preview Assets.xcassets */; };
		FAC5068328EBCC150051B073 /* CircleImage.swift in Sources */ = {isa = PBXBuildFile; fileRef = FAC5068228EBCC150051B073 /* CircleImage.swift */; };
		FAC5068528EBCD070051B073 /* MapView.swift in Sources */ = {isa = PBXBuildFile; fileRef = FAC5068428EBCD070051B073 /* MapView.swift */; };
		FAC5069728EBD0A20051B073 /* BusData.swift in Sources */ = {isa = PBXBuildFile; fileRef = FAC5069628EBD0A20051B073 /* BusData.swift */; };
		FAC506B828EBD9400051B073 /* ModelData.swift in Sources */ = {isa = PBXBuildFile; fileRef = FAC506B728EBD9400051B073 /* ModelData.swift */; };
		FAC506BD28EBDBA30051B073 /* landmarkData.json in Resources */ = {isa = PBXBuildFile; fileRef = FAC506BC28EBDBA30051B073 /* landmarkData.json */; };
		FAC506BF28EBDBDE0051B073 /* LandmarkRow.swift in Sources */ = {isa = PBXBuildFile; fileRef = FAC506BE28EBDBDE0051B073 /* LandmarkRow.swift */; };
		FAC506C128EC045B0051B073 /* LandmarkList.swift in Sources */ = {isa = PBXBuildFile; fileRef = FAC506C028EC045B0051B073 /* LandmarkList.swift */; };
		FAC506C328ED0F460051B073 /* BusDataViewModel.swift in Sources */ = {isa = PBXBuildFile; fileRef = FAC506C228ED0F460051B073 /* BusDataViewModel.swift */; };
/* End PBXBuildFile section */

/* Begin PBXFileReference section */
		FAC5067128EBC84B0051B073 /* Landmark.app */ = {isa = PBXFileReference; explicitFileType = wrapper.application; includeInIndex = 0; path = Landmark.app; sourceTree = BUILT_PRODUCTS_DIR; };
		FAC5067428EBC84B0051B073 /* LandmarkApp.swift */ = {isa = PBXFileReference; lastKnownFileType = sourcecode.swift; path = LandmarkApp.swift; sourceTree = "<group>"; };
		FAC5067628EBC84B0051B073 /* ContentView.swift */ = {isa = PBXFileReference; lastKnownFileType = sourcecode.swift; path = ContentView.swift; sourceTree = "<group>"; };
		FAC5067828EBC84C0051B073 /* Assets.xcassets */ = {isa = PBXFileReference; lastKnownFileType = folder.assetcatalog; path = Assets.xcassets; sourceTree = "<group>"; };
		FAC5067B28EBC84C0051B073 /* Preview Assets.xcassets */ = {isa = PBXFileReference; lastKnownFileType = folder.assetcatalog; path = "Preview Assets.xcassets"; sourceTree = "<group>"; };
		FAC5068228EBCC150051B073 /* CircleImage.swift */ = {isa = PBXFileReference; lastKnownFileType = sourcecode.swift; path = CircleImage.swift; sourceTree = "<group>"; };
		FAC5068428EBCD070051B073 /* MapView.swift */ = {isa = PBXFileReference; lastKnownFileType = sourcecode.swift; path = MapView.swift; sourceTree = "<group>"; };
		FAC5069628EBD0A20051B073 /* BusData.swift */ = {isa = PBXFileReference; lastKnownFileType = sourcecode.swift; path = BusData.swift; sourceTree = "<group>"; };
		FAC506B728EBD9400051B073 /* ModelData.swift */ = {isa = PBXFileReference; lastKnownFileType = sourcecode.swift; path = ModelData.swift; sourceTree = "<group>"; };
		FAC506BC28EBDBA30051B073 /* landmarkData.json */ = {isa = PBXFileReference; fileEncoding = 4; lastKnownFileType = text.json; path = landmarkData.json; sourceTree = "<group>"; };
		FAC506BE28EBDBDE0051B073 /* LandmarkRow.swift */ = {isa = PBXFileReference; lastKnownFileType = sourcecode.swift; path = LandmarkRow.swift; sourceTree = "<group>"; };
		FAC506C028EC045B0051B073 /* LandmarkList.swift */ = {isa = PBXFileReference; lastKnownFileType = sourcecode.swift; path = LandmarkList.swift; sourceTree = "<group>"; };
		FAC506C228ED0F460051B073 /* BusDataViewModel.swift */ = {isa = PBXFileReference; lastKnownFileType = sourcecode.swift; path = BusDataViewModel.swift; sourceTree = "<group>"; };
/* End PBXFileReference section */

/* Begin PBXFrameworksBuildPhase section */
		FAC5066E28EBC84A0051B073 /* Frameworks */ = {
			isa = PBXFrameworksBuildPhase;
			buildActionMask = 2147483647;
			files = (
			);
			runOnlyForDeploymentPostprocessing = 0;
		};
/* End PBXFrameworksBuildPhase section */

/* Begin PBXGroup section */
		FAC5066828EBC84A0051B073 = {
			isa = PBXGroup;
			children = (
				FAC5067328EBC84B0051B073 /* Landmark */,
				FAC5067228EBC84B0051B073 /* Products */,
			);
			sourceTree = "<group>";
		};
		FAC5067228EBC84B0051B073 /* Products */ = {
			isa = PBXGroup;
			children = (
				FAC5067128EBC84B0051B073 /* Landmark.app */,
			);
			name = Products;
			sourceTree = "<group>";
		};
		FAC5067328EBC84B0051B073 /* Landmark */ = {
			isa = PBXGroup;
			children = (
				FAC5067428EBC84B0051B073 /* LandmarkApp.swift */,
				FAC506B928EBDB2F0051B073 /* Views */,
				FAC506BA28EBDB500051B073 /* Model */,
				FAC506BB28EBDBA30051B073 /* Resources */,
				FAC5067828EBC84C0051B073 /* Assets.xcassets */,
				FAC5067A28EBC84C0051B073 /* Preview Content */,
			);
			path = Landmark;
			sourceTree = "<group>";
		};
		FAC5067A28EBC84C0051B073 /* Preview Content */ = {
			isa = PBXGroup;
			children = (
				FAC5067B28EBC84C0051B073 /* Preview Assets.xcassets */,
			);
			path = "Preview Content";
			sourceTree = "<group>";
		};
		FAC506B928EBDB2F0051B073 /* Views */ = {
			isa = PBXGroup;
			children = (
				FAC5068228EBCC150051B073 /* CircleImage.swift */,
				FAC506BE28EBDBDE0051B073 /* LandmarkRow.swift */,
				FAC506C028EC045B0051B073 /* LandmarkList.swift */,
				FAC5068428EBCD070051B073 /* MapView.swift */,
				FAC5067628EBC84B0051B073 /* ContentView.swift */,
			);
			path = Views;
			sourceTree = "<group>";
		};
		FAC506BA28EBDB500051B073 /* Model */ = {
			isa = PBXGroup;
			children = (
				FAC506B728EBD9400051B073 /* ModelData.swift */,
				FAC5069628EBD0A20051B073 /* BusData.swift */,
				FAC506C228ED0F460051B073 /* BusDataViewModel.swift */,
			);
			path = Model;
			sourceTree = "<group>";
		};
		FAC506BB28EBDBA30051B073 /* Resources */ = {
			isa = PBXGroup;
			children = (
				FAC506BC28EBDBA30051B073 /* landmarkData.json */,
			);
			path = Resources;
			sourceTree = "<group>";
		};
/* End PBXGroup section */

/* Begin PBXNativeTarget section */
		FAC5067028EBC84A0051B073 /* Landmark */ = {
			isa = PBXNativeTarget;
			buildConfigurationList = FAC5067F28EBC84C0051B073 /* Build configuration list for PBXNativeTarget "Landmark" */;
			buildPhases = (
				FAC5066D28EBC84A0051B073 /* Sources */,
				FAC5066E28EBC84A0051B073 /* Frameworks */,
				FAC5066F28EBC84A0051B073 /* Resources */,
			);
			buildRules = (
			);
			dependencies = (
			);
			name = Landmark;
			productName = Landmark;
			productReference = FAC5067128EBC84B0051B073 /* Landmark.app */;
			productType = "com.apple.product-type.application";
		};
/* End PBXNativeTarget section */

/* Begin PBXProject section */
		FAC5066928EBC84A0051B073 /* Project object */ = {
			isa = PBXProject;
			attributes = {
				BuildIndependentTargetsInParallel = 1;
				LastSwiftUpdateCheck = 1400;
				LastUpgradeCheck = 1400;
				TargetAttributes = {
					FAC5067028EBC84A0051B073 = {
						CreatedOnToolsVersion = 14.0.1;
					};
				};
			};
			buildConfigurationList = FAC5066C28EBC84A0051B073 /* Build configuration list for PBXProject "Landmark" */;
			compatibilityVersion = "Xcode 14.0";
			developmentRegion = en;
			hasScannedForEncodings = 0;
			knownRegions = (
				en,
				Base,
			);
			mainGroup = FAC5066828EBC84A0051B073;
			productRefGroup = FAC5067228EBC84B0051B073 /* Products */;
			projectDirPath = "";
			projectRoot = "";
			targets = (
				FAC5067028EBC84A0051B073 /* Landmark */,
			);
		};
/* End PBXProject section */

/* Begin PBXResourcesBuildPhase section */
		FAC5066F28EBC84A0051B073 /* Resources */ = {
			isa = PBXResourcesBuildPhase;
			buildActionMask = 2147483647;
			files = (
				FAC5067C28EBC84C0051B073 /* Preview Assets.xcassets in Resources */,
				FAC5067928EBC84C0051B073 /* Assets.xcassets in Resources */,
				FAC506BD28EBDBA30051B073 /* landmarkData.json in Resources */,
			);
			runOnlyForDeploymentPostprocessing = 0;
		};
/* End PBXResourcesBuildPhase section */

/* Begin PBXSourcesBuildPhase section */
		FAC5066D28EBC84A0051B073 /* Sources */ = {
			isa = PBXSourcesBuildPhase;
			buildActionMask = 2147483647;
			files = (
				FAC506B828EBD9400051B073 /* ModelData.swift in Sources */,
				FAC5067728EBC84B0051B073 /* ContentView.swift in Sources */,
				FAC5068528EBCD070051B073 /* MapView.swift in Sources */,
				FAC506C128EC045B0051B073 /* LandmarkList.swift in Sources */,
				FAC5069728EBD0A20051B073 /* BusData.swift in Sources */,
				FAC506C328ED0F460051B073 /* BusDataViewModel.swift in Sources */,
				FAC5067528EBC84B0051B073 /* LandmarkApp.swift in Sources */,
				FAC506BF28EBDBDE0051B073 /* LandmarkRow.swift in Sources */,
				FAC5068328EBCC150051B073 /* CircleImage.swift in Sources */,
			);
			runOnlyForDeploymentPostprocessing = 0;
		};
/* End PBXSourcesBuildPhase section */

/* Begin XCBuildConfiguration section */
		FAC5067D28EBC84C0051B073 /* Debug */ = {
			isa = XCBuildConfiguration;
			buildSettings = {
				ALWAYS_SEARCH_USER_PATHS = NO;
				CLANG_ANALYZER_NONNULL = YES;
				CLANG_ANALYZER_NUMBER_OBJECT_CONVERSION = YES_AGGRESSIVE;
				CLANG_CXX_LANGUAGE_STANDARD = "gnu++20";
				CLANG_ENABLE_MODULES = YES;
				CLANG_ENABLE_OBJC_ARC = YES;
				CLANG_ENABLE_OBJC_WEAK = YES;
				CLANG_WARN_BLOCK_CAPTURE_AUTORELEASING = YES;
				CLANG_WARN_BOOL_CONVERSION = YES;
				CLANG_WARN_COMMA = YES;
				CLANG_WARN_CONSTANT_CONVERSION = YES;
				CLANG_WARN_DEPRECATED_OBJC_IMPLEMENTATIONS = YES;
				CLANG_WARN_DIRECT_OBJC_ISA_USAGE = YES_ERROR;
				CLANG_WARN_DOCUMENTATION_COMMENTS = YES;
				CLANG_WARN_EMPTY_BODY = YES;
				CLANG_WARN_ENUM_CONVERSION = YES;
				CLANG_WARN_INFINITE_RECURSION = YES;
				CLANG_WARN_INT_CONVERSION = YES;
				CLANG_WARN_NON_LITERAL_NULL_CONVERSION = YES;
				CLANG_WARN_OBJC_IMPLICIT_RETAIN_SELF = YES;
				CLANG_WARN_OBJC_LITERAL_CONVERSION = YES;
				CLANG_WARN_OBJC_ROOT_CLASS = YES_ERROR;
				CLANG_WARN_QUOTED_INCLUDE_IN_FRAMEWORK_HEADER = YES;
				CLANG_WARN_RANGE_LOOP_ANALYSIS = YES;
				CLANG_WARN_STRICT_PROTOTYPES = YES;
				CLANG_WARN_SUSPICIOUS_MOVE = YES;
				CLANG_WARN_UNGUARDED_AVAILABILITY = YES_AGGRESSIVE;
				CLANG_WARN_UNREACHABLE_CODE = YES;
				CLANG_WARN__DUPLICATE_METHOD_MATCH = YES;
				COPY_PHASE_STRIP = NO;
				DEBUG_INFORMATION_FORMAT = dwarf;
				ENABLE_STRICT_OBJC_MSGSEND = YES;
				ENABLE_TESTABILITY = YES;
				GCC_C_LANGUAGE_STANDARD = gnu11;
				GCC_DYNAMIC_NO_PIC = NO;
				GCC_NO_COMMON_BLOCKS = YES;
				GCC_OPTIMIZATION_LEVEL = 0;
				GCC_PREPROCESSOR_DEFINITIONS = (
					"DEBUG=1",
					"$(inherited)",
				);
				GCC_WARN_64_TO_32_BIT_CONVERSION = YES;
				GCC_WARN_ABOUT_RETURN_TYPE = YES_ERROR;
				GCC_WARN_UNDECLARED_SELECTOR = YES;
				GCC_WARN_UNINITIALIZED_AUTOS = YES_AGGRESSIVE;
				GCC_WARN_UNUSED_FUNCTION = YES;
				GCC_WARN_UNUSED_VARIABLE = YES;
				IPHONEOS_DEPLOYMENT_TARGET = 16.0;
				MTL_ENABLE_DEBUG_INFO = INCLUDE_SOURCE;
				MTL_FAST_MATH = YES;
				ONLY_ACTIVE_ARCH = YES;
				SDKROOT = iphoneos;
				SWIFT_ACTIVE_COMPILATION_CONDITIONS = DEBUG;
				SWIFT_OPTIMIZATION_LEVEL = "-Onone";
			};
			name = Debug;
		};
		FAC5067E28EBC84C0051B073 /* Release */ = {
			isa = XCBuildConfiguration;
			buildSettings = {
				ALWAYS_SEARCH_USER_PATHS = NO;
				CLANG_ANALYZER_NONNULL = YES;
				CLANG_ANALYZER_NUMBER_OBJECT_CONVERSION = YES_AGGRESSIVE;
				CLANG_CXX_LANGUAGE_STANDARD = "gnu++20";
				CLANG_ENABLE_MODULES = YES;
				CLANG_ENABLE_OBJC_ARC = YES;
				CLANG_ENABLE_OBJC_WEAK = YES;
				CLANG_WARN_BLOCK_CAPTURE_AUTORELEASING = YES;
				CLANG_WARN_BOOL_CONVERSION = YES;
				CLANG_WARN_COMMA = YES;
				CLANG_WARN_CONSTANT_CONVERSION = YES;
				CLANG_WARN_DEPRECATED_OBJC_IMPLEMENTATIONS = YES;
				CLANG_WARN_DIRECT_OBJC_ISA_USAGE = YES_ERROR;
				CLANG_WARN_DOCUMENTATION_COMMENTS = YES;
				CLANG_WARN_EMPTY_BODY = YES;
				CLANG_WARN_ENUM_CONVERSION = YES;
				CLANG_WARN_INFINITE_RECURSION = YES;
				CLANG_WARN_INT_CONVERSION = YES;
				CLANG_WARN_NON_LITERAL_NULL_CONVERSION = YES;
				CLANG_WARN_OBJC_IMPLICIT_RETAIN_SELF = YES;
				CLANG_WARN_OBJC_LITERAL_CONVERSION = YES;
				CLANG_WARN_OBJC_ROOT_CLASS = YES_ERROR;
				CLANG_WARN_QUOTED_INCLUDE_IN_FRAMEWORK_HEADER = YES;
				CLANG_WARN_RANGE_LOOP_ANALYSIS = YES;
				CLANG_WARN_STRICT_PROTOTYPES = YES;
				CLANG_WARN_SUSPICIOUS_MOVE = YES;
				CLANG_WARN_UNGUARDED_AVAILABILITY = YES_AGGRESSIVE;
				CLANG_WARN_UNREACHABLE_CODE = YES;
				CLANG_WARN__DUPLICATE_METHOD_MATCH = YES;
				COPY_PHASE_STRIP = NO;
				DEBUG_INFORMATION_FORMAT = "dwarf-with-dsym";
				ENABLE_NS_ASSERTIONS = NO;
				ENABLE_STRICT_OBJC_MSGSEND = YES;
				GCC_C_LANGUAGE_STANDARD = gnu11;
				GCC_NO_COMMON_BLOCKS = YES;
				GCC_WARN_64_TO_32_BIT_CONVERSION = YES;
				GCC_WARN_ABOUT_RETURN_TYPE = YES_ERROR;
				GCC_WARN_UNDECLARED_SELECTOR = YES;
				GCC_WARN_UNINITIALIZED_AUTOS = YES_AGGRESSIVE;
				GCC_WARN_UNUSED_FUNCTION = YES;
				GCC_WARN_UNUSED_VARIABLE = YES;
				IPHONEOS_DEPLOYMENT_TARGET = 16.0;
				MTL_ENABLE_DEBUG_INFO = NO;
				MTL_FAST_MATH = YES;
				SDKROOT = iphoneos;
				SWIFT_COMPILATION_MODE = wholemodule;
				SWIFT_OPTIMIZATION_LEVEL = "-O";
				VALIDATE_PRODUCT = YES;
			};
			name = Release;
		};
		FAC5068028EBC84C0051B073 /* Debug */ = {
			isa = XCBuildConfiguration;
			buildSettings = {
				ASSETCATALOG_COMPILER_APPICON_NAME = AppIcon;
				ASSETCATALOG_COMPILER_GLOBAL_ACCENT_COLOR_NAME = AccentColor;
				CODE_SIGN_STYLE = Automatic;
				CURRENT_PROJECT_VERSION = 1;
				DEVELOPMENT_ASSET_PATHS = "\"Landmark/Preview Content\"";
				DEVELOPMENT_TEAM = TK8CLF63JC;
				ENABLE_PREVIEWS = YES;
				GENERATE_INFOPLIST_FILE = YES;
				INFOPLIST_KEY_UIApplicationSceneManifest_Generation = YES;
				INFOPLIST_KEY_UIApplicationSupportsIndirectInputEvents = YES;
				INFOPLIST_KEY_UILaunchScreen_Generation = YES;
				INFOPLIST_KEY_UISupportedInterfaceOrientations_iPad = "UIInterfaceOrientationPortrait UIInterfaceOrientationPortraitUpsideDown UIInterfaceOrientationLandscapeLeft UIInterfaceOrientationLandscapeRight";
				INFOPLIST_KEY_UISupportedInterfaceOrientations_iPhone = "UIInterfaceOrientationPortrait UIInterfaceOrientationLandscapeLeft UIInterfaceOrientationLandscapeRight";
				LD_RUNPATH_SEARCH_PATHS = (
					"$(inherited)",
					"@executable_path/Frameworks",
				);
				MARKETING_VERSION = 1.0;
				PRODUCT_BUNDLE_IDENTIFIER = "Kim-dohyeon.Omnibus.Landmark";
				PRODUCT_NAME = "$(TARGET_NAME)";
				SWIFT_EMIT_LOC_STRINGS = YES;
				SWIFT_VERSION = 5.0;
				TARGETED_DEVICE_FAMILY = "1,2";
			};
			name = Debug;
		};
		FAC5068128EBC84C0051B073 /* Release */ = {
			isa = XCBuildConfiguration;
			buildSettings = {
				ASSETCATALOG_COMPILER_APPICON_NAME = AppIcon;
				ASSETCATALOG_COMPILER_GLOBAL_ACCENT_COLOR_NAME = AccentColor;
				CODE_SIGN_STYLE = Automatic;
				CURRENT_PROJECT_VERSION = 1;
				DEVELOPMENT_ASSET_PATHS = "\"Landmark/Preview Content\"";
				DEVELOPMENT_TEAM = TK8CLF63JC;
				ENABLE_PREVIEWS = YES;
				GENERATE_INFOPLIST_FILE = YES;
				INFOPLIST_KEY_UIApplicationSceneManifest_Generation = YES;
				INFOPLIST_KEY_UIApplicationSupportsIndirectInputEvents = YES;
				INFOPLIST_KEY_UILaunchScreen_Generation = YES;
				INFOPLIST_KEY_UISupportedInterfaceOrientations_iPad = "UIInterfaceOrientationPortrait UIInterfaceOrientationPortraitUpsideDown UIInterfaceOrientationLandscapeLeft UIInterfaceOrientationLandscapeRight";
				INFOPLIST_KEY_UISupportedInterfaceOrientations_iPhone = "UIInterfaceOrientationPortrait UIInterfaceOrientationLandscapeLeft UIInterfaceOrientationLandscapeRight";
				LD_RUNPATH_SEARCH_PATHS = (
					"$(inherited)",
					"@executable_path/Frameworks",
				);
				MARKETING_VERSION = 1.0;
				PRODUCT_BUNDLE_IDENTIFIER = "Kim-dohyeon.Omnibus.Landmark";
				PRODUCT_NAME = "$(TARGET_NAME)";
				SWIFT_EMIT_LOC_STRINGS = YES;
				SWIFT_VERSION = 5.0;
				TARGETED_DEVICE_FAMILY = "1,2";
			};
			name = Release;
		};
/* End XCBuildConfiguration section */

/* Begin XCConfigurationList section */
		FAC5066C28EBC84A0051B073 /* Build configuration list for PBXProject "Landmark" */ = {
			isa = XCConfigurationList;
			buildConfigurations = (
				FAC5067D28EBC84C0051B073 /* Debug */,
				FAC5067E28EBC84C0051B073 /* Release */,
			);
			defaultConfigurationIsVisible = 0;
			defaultConfigurationName = Release;
		};
		FAC5067F28EBC84C0051B073 /* Build configuration list for PBXNativeTarget "Landmark" */ = {
			isa = XCConfigurationList;
			buildConfigurations = (
				FAC5068028EBC84C0051B073 /* Debug */,
				FAC5068128EBC84C0051B073 /* Release */,
			);
			defaultConfigurationIsVisible = 0;
			defaultConfigurationName = Release;
		};
/* End XCConfigurationList section */
	};
	rootObject = FAC5066928EBC84A0051B073 /* Project object */;
}
